// !$*UTF8*$!
{
	archiveVersion = 1;
	classes = {
	};
	objectVersion = 46;
	objects = {

/* Begin PBXBuildFile section */
		47B089C21C69B5770011E8BB /* AppDelegate.swift in Sources */ = {isa = PBXBuildFile; fileRef = 47B089C11C69B5770011E8BB /* AppDelegate.swift */; };
		47B089C41C69B5770011E8BB /* ViewController.swift in Sources */ = {isa = PBXBuildFile; fileRef = 47B089C31C69B5770011E8BB /* ViewController.swift */; };
		47B089C71C69B5770011E8BB /* Main.storyboard in Resources */ = {isa = PBXBuildFile; fileRef = 47B089C51C69B5770011E8BB /* Main.storyboard */; };
		47B089C91C69B5770011E8BB /* Assets.xcassets in Resources */ = {isa = PBXBuildFile; fileRef = 47B089C81C69B5770011E8BB /* Assets.xcassets */; };
		47B089CC1C69B5770011E8BB /* LaunchScreen.storyboard in Resources */ = {isa = PBXBuildFile; fileRef = 47B089CA1C69B5770011E8BB /* LaunchScreen.storyboard */; };
		47B089D61C69B5E20011E8BB /* SFCarouselView.swift in Sources */ = {isa = PBXBuildFile; fileRef = 47B089D51C69B5E20011E8BB /* SFCarouselView.swift */; };
		47B089D81C6C72420011E8BB /* SFCarouselViewCell.swift in Sources */ = {isa = PBXBuildFile; fileRef = 47B089D71C6C72420011E8BB /* SFCarouselViewCell.swift */; };
		47B089F91C781EC40011E8BB /* SFTestContentView.xib in Resources */ = {isa = PBXBuildFile; fileRef = 47B089F81C781EC40011E8BB /* SFTestContentView.xib */; };
		47B089FB1C781ED10011E8BB /* SFTestContentView.swift in Sources */ = {isa = PBXBuildFile; fileRef = 47B089FA1C781ED10011E8BB /* SFTestContentView.swift */; };
/* End PBXBuildFile section */

/* Begin PBXFileReference section */
		47B089BE1C69B5770011E8BB /* SFCarousel.app */ = {isa = PBXFileReference; explicitFileType = wrapper.application; includeInIndex = 0; path = SFCarousel.app; sourceTree = BUILT_PRODUCTS_DIR; };
		47B089C11C69B5770011E8BB /* AppDelegate.swift */ = {isa = PBXFileReference; lastKnownFileType = sourcecode.swift; path = AppDelegate.swift; sourceTree = "<group>"; };
		47B089C31C69B5770011E8BB /* ViewController.swift */ = {isa = PBXFileReference; lastKnownFileType = sourcecode.swift; path = ViewController.swift; sourceTree = "<group>"; };
		47B089C61C69B5770011E8BB /* Base */ = {isa = PBXFileReference; lastKnownFileType = file.storyboard; name = Base; path = Base.lproj/Main.storyboard; sourceTree = "<group>"; };
		47B089C81C69B5770011E8BB /* Assets.xcassets */ = {isa = PBXFileReference; lastKnownFileType = folder.assetcatalog; path = Assets.xcassets; sourceTree = "<group>"; };
		47B089CB1C69B5770011E8BB /* Base */ = {isa = PBXFileReference; lastKnownFileType = file.storyboard; name = Base; path = Base.lproj/LaunchScreen.storyboard; sourceTree = "<group>"; };
		47B089CD1C69B5770011E8BB /* Info.plist */ = {isa = PBXFileReference; lastKnownFileType = text.plist.xml; path = Info.plist; sourceTree = "<group>"; };
		47B089D51C69B5E20011E8BB /* SFCarouselView.swift */ = {isa = PBXFileReference; fileEncoding = 4; lastKnownFileType = sourcecode.swift; path = SFCarouselView.swift; sourceTree = "<group>"; };
		47B089D71C6C72420011E8BB /* SFCarouselViewCell.swift */ = {isa = PBXFileReference; fileEncoding = 4; lastKnownFileType = sourcecode.swift; path = SFCarouselViewCell.swift; sourceTree = "<group>"; };
		47B089F81C781EC40011E8BB /* SFTestContentView.xib */ = {isa = PBXFileReference; fileEncoding = 4; lastKnownFileType = file.xib; path = SFTestContentView.xib; sourceTree = "<group>"; };
		47B089FA1C781ED10011E8BB /* SFTestContentView.swift */ = {isa = PBXFileReference; fileEncoding = 4; lastKnownFileType = sourcecode.swift; path = SFTestContentView.swift; sourceTree = "<group>"; };
/* End PBXFileReference section */

/* Begin PBXFrameworksBuildPhase section */
		47B089BB1C69B5770011E8BB /* Frameworks */ = {
			isa = PBXFrameworksBuildPhase;
			buildActionMask = 2147483647;
			files = (
			);
			runOnlyForDeploymentPostprocessing = 0;
		};
/* End PBXFrameworksBuildPhase section */

/* Begin PBXGroup section */
		47B089B51C69B5770011E8BB = {
			isa = PBXGroup;
			children = (
				47B089C01C69B5770011E8BB /* SFCarousel */,
				47B089BF1C69B5770011E8BB /* Products */,
			);
			sourceTree = "<group>";
		};
		47B089BF1C69B5770011E8BB /* Products */ = {
			isa = PBXGroup;
			children = (
				47B089BE1C69B5770011E8BB /* SFCarousel.app */,
			);
			name = Products;
			sourceTree = "<group>";
		};
		47B089C01C69B5770011E8BB /* SFCarousel */ = {
			isa = PBXGroup;
			children = (
				47B089C11C69B5770011E8BB /* AppDelegate.swift */,
				47B089C31C69B5770011E8BB /* ViewController.swift */,
				47B089D51C69B5E20011E8BB /* SFCarouselView.swift */,
				47B089D71C6C72420011E8BB /* SFCarouselViewCell.swift */,
				47B089C51C69B5770011E8BB /* Main.storyboard */,
				47B089C81C69B5770011E8BB /* Assets.xcassets */,
				47B089CA1C69B5770011E8BB /* LaunchScreen.storyboard */,
				47B089CD1C69B5770011E8BB /* Info.plist */,
				47B089F81C781EC40011E8BB /* SFTestContentView.xib */,
				47B089FA1C781ED10011E8BB /* SFTestContentView.swift */,
			);
			path = SFCarousel;
			sourceTree = "<group>";
		};
/* End PBXGroup section */

/* Begin PBXNativeTarget section */
		47B089BD1C69B5770011E8BB /* SFCarousel */ = {
			isa = PBXNativeTarget;
			buildConfigurationList = 47B089D01C69B5780011E8BB /* Build configuration list for PBXNativeTarget "SFCarousel" */;
			buildPhases = (
				47B089BA1C69B5770011E8BB /* Sources */,
				47B089BB1C69B5770011E8BB /* Frameworks */,
				47B089BC1C69B5770011E8BB /* Resources */,
			);
			buildRules = (
			);
			dependencies = (
			);
			name = SFCarousel;
			productName = SFCarousel;
			productReference = 47B089BE1C69B5770011E8BB /* SFCarousel.app */;
			productType = "com.apple.product-type.application";
		};
/* End PBXNativeTarget section */

/* Begin PBXProject section */
		47B089B61C69B5770011E8BB /* Project object */ = {
			isa = PBXProject;
			attributes = {
				LastSwiftUpdateCheck = 0720;
				LastUpgradeCheck = 0720;
				ORGANIZATIONNAME = "Pavel Tikhonenko";
				TargetAttributes = {
					47B089BD1C69B5770011E8BB = {
						CreatedOnToolsVersion = 7.2.1;
					};
				};
			};
			buildConfigurationList = 47B089B91C69B5770011E8BB /* Build configuration list for PBXProject "SFCarousel" */;
			compatibilityVersion = "Xcode 3.2";
			developmentRegion = English;
			hasScannedForEncodings = 0;
			knownRegions = (
				en,
				Base,
			);
			mainGroup = 47B089B51C69B5770011E8BB;
			productRefGroup = 47B089BF1C69B5770011E8BB /* Products */;
			projectDirPath = "";
			projectRoot = "";
			targets = (
				47B089BD1C69B5770011E8BB /* SFCarousel */,
			);
		};
/* End PBXProject section */

/* Begin PBXResourcesBuildPhase section */
		47B089BC1C69B5770011E8BB /* Resources */ = {
			isa = PBXResourcesBuildPhase;
			buildActionMask = 2147483647;
			files = (
				47B089CC1C69B5770011E8BB /* LaunchScreen.storyboard in Resources */,
				47B089F91C781EC40011E8BB /* SFTestContentView.xib in Resources */,
				47B089C91C69B5770011E8BB /* Assets.xcassets in Resources */,
				47B089C71C69B5770011E8BB /* Main.storyboard in Resources */,
			);
			runOnlyForDeploymentPostprocessing = 0;
		};
/* End PBXResourcesBuildPhase section */

/* Begin PBXSourcesBuildPhase section */
		47B089BA1C69B5770011E8BB /* Sources */ = {
			isa = PBXSourcesBuildPhase;
			buildActionMask = 2147483647;
			files = (
				47B089D61C69B5E20011E8BB /* SFCarouselView.swift in Sources */,
				47B089D81C6C72420011E8BB /* SFCarouselViewCell.swift in Sources */,
				47B089FB1C781ED10011E8BB /* SFTestContentView.swift in Sources */,
				47B089C41C69B5770011E8BB /* ViewController.swift in Sources */,
				47B089C21C69B5770011E8BB /* AppDelegate.swift in Sources */,
			);
			runOnlyForDeploymentPostprocessing = 0;
		};
/* End PBXSourcesBuildPhase section */

/* Begin PBXVariantGroup section */
		47B089C51C69B5770011E8BB /* Main.storyboard */ = {
			isa = PBXVariantGroup;
			children = (
				47B089C61C69B5770011E8BB /* Base */,
			);
			name = Main.storyboard;
			sourceTree = "<group>";
		};
		47B089CA1C69B5770011E8BB /* LaunchScreen.storyboard */ = {
			isa = PBXVariantGroup;
			children = (
				47B089CB1C69B5770011E8BB /* Base */,
			);
			name = LaunchScreen.storyboard;
			sourceTree = "<group>";
		};
/* End PBXVariantGroup section */

/* Begin XCBuildConfiguration section */
		47B089CE1C69B5770011E8BB /* Debug */ = {
			isa = XCBuildConfiguration;
			buildSettings = {
				ALWAYS_SEARCH_USER_PATHS = NO;
				CLANG_CXX_LANGUAGE_STANDARD = "gnu++0x";
				CLANG_CXX_LIBRARY = "libc++";
				CLANG_ENABLE_MODULES = YES;
				CLANG_ENABLE_OBJC_ARC = YES;
				CLANG_WARN_BOOL_CONVERSION = YES;
				CLANG_WARN_CONSTANT_CONVERSION = YES;
				CLANG_WARN_DIRECT_OBJC_ISA_USAGE = YES_ERROR;
				CLANG_WARN_EMPTY_BODY = YES;
				CLANG_WARN_ENUM_CONVERSION = YES;
				CLANG_WARN_INT_CONVERSION = YES;
				CLANG_WARN_OBJC_ROOT_CLASS = YES_ERROR;
				CLANG_WARN_UNREACHABLE_CODE = YES;
				CLANG_WARN__DUPLICATE_METHOD_MATCH = YES;
				"CODE_SIGN_IDENTITY[sdk=iphoneos*]" = "iPhone Developer";
				COPY_PHASE_STRIP = NO;
				DEBUG_INFORMATION_FORMAT = dwarf;
				ENABLE_STRICT_OBJC_MSGSEND = YES;
				ENABLE_TESTABILITY = YES;
				GCC_C_LANGUAGE_STANDARD = gnu99;
				GCC_DYNAMIC_NO_PIC = NO;
				GCC_NO_COMMON_BLOCKS = YES;
				GCC_OPTIMIZATION_LEVEL = 0;
				GCC_PREPROCESSOR_DEFINITIONS = (
					"DEBUG=1",
					"$(inherited)",
				);
				GCC_WARN_64_TO_32_BIT_CONVERSION = YES;
				GCC_WARN_ABOUT_RETURN_TYPE = YES_ERROR;
				GCC_WARN_UNDECLARED_SELECTOR = YES;
				GCC_WARN_UNINITIALIZED_AUTOS = YES_AGGRESSIVE;
				GCC_WARN_UNUSED_FUNCTION = YES;
				GCC_WARN_UNUSED_VARIABLE = YES;
				IPHONEOS_DEPLOYMENT_TARGET = 9.2;
				MTL_ENABLE_DEBUG_INFO = YES;
				ONLY_ACTIVE_ARCH = YES;
				SDKROOT = iphoneos;
				SWIFT_OPTIMIZATION_LEVEL = "-Onone";
				TARGETED_DEVICE_FAMILY = "1,2";
			};
			name = Debug;
		};
		47B089CF1C69B5770011E8BB /* Release */ = {
			isa = XCBuildConfiguration;
			buildSettings = {
				ALWAYS_SEARCH_USER_PATHS = NO;
				CLANG_CXX_LANGUAGE_STANDARD = "gnu++0x";
				CLANG_CXX_LIBRARY = "libc++";
				CLANG_ENABLE_MODULES = YES;
				CLANG_ENABLE_OBJC_ARC = YES;
				CLANG_WARN_BOOL_CONVERSION = YES;
				CLANG_WARN_CONSTANT_CONVERSION = YES;
				CLANG_WARN_DIRECT_OBJC_ISA_USAGE = YES_ERROR;
				CLANG_WARN_EMPTY_BODY = YES;
				CLANG_WARN_ENUM_CONVERSION = YES;
				CLANG_WARN_INT_CONVERSION = YES;
				CLANG_WARN_OBJC_ROOT_CLASS = YES_ERROR;
				CLANG_WARN_UNREACHABLE_CODE = YES;
				CLANG_WARN__DUPLICATE_METHOD_MATCH = YES;
				"CODE_SIGN_IDENTITY[sdk=iphoneos*]" = "iPhone Developer";
				COPY_PHASE_STRIP = NO;
				DEBUG_INFORMATION_FORMAT = "dwarf-with-dsym";
				ENABLE_NS_ASSERTIONS = NO;
				ENABLE_STRICT_OBJC_MSGSEND = YES;
				GCC_C_LANGUAGE_STANDARD = gnu99;
				GCC_NO_COMMON_BLOCKS = YES;
				GCC_WARN_64_TO_32_BIT_CONVERSION = YES;
				GCC_WARN_ABOUT_RETURN_TYPE = YES_ERROR;
				GCC_WARN_UNDECLARED_SELECTOR = YES;
				GCC_WARN_UNINITIALIZED_AUTOS = YES_AGGRESSIVE;
				GCC_WARN_UNUSED_FUNCTION = YES;
				GCC_WARN_UNUSED_VARIABLE = YES;
				IPHONEOS_DEPLOYMENT_TARGET = 9.2;
				MTL_ENABLE_DEBUG_INFO = NO;
				SDKROOT = iphoneos;
				TARGETED_DEVICE_FAMILY = "1,2";
				VALIDATE_PRODUCT = YES;
			};
			name = Release;
		};
		47B089D11C69B5780011E8BB /* Debug */ = {
			isa = XCBuildConfiguration;
			buildSettings = {
				ASSETCATALOG_COMPILER_APPICON_NAME = AppIcon;
				INFOPLIST_FILE = SFCarousel/Info.plist;
				LD_RUNPATH_SEARCH_PATHS = "$(inherited) @executable_path/Frameworks";
				PRODUCT_BUNDLE_IDENTIFIER = com.tikhop.SFCarousel;
				PRODUCT_NAME = "$(TARGET_NAME)";
			};
			name = Debug;
		};
		47B089D21C69B5780011E8BB /* Release */ = {
			isa = XCBuildConfiguration;
			buildSettings = {
				ASSETCATALOG_COMPILER_APPICON_NAME = AppIcon;
				INFOPLIST_FILE = SFCarousel/Info.plist;
				LD_RUNPATH_SEARCH_PATHS = "$(inherited) @executable_path/Frameworks";
				PRODUCT_BUNDLE_IDENTIFIER = com.tikhop.SFCarousel;
				PRODUCT_NAME = "$(TARGET_NAME)";
			};
			name = Release;
		};
/* End XCBuildConfiguration section */

/* Begin XCConfigurationList section */
		47B089B91C69B5770011E8BB /* Build configuration list for PBXProject "SFCarousel" */ = {
			isa = XCConfigurationList;
			buildConfigurations = (
				47B089CE1C69B5770011E8BB /* Debug */,
				47B089CF1C69B5770011E8BB /* Release */,
			);
			defaultConfigurationIsVisible = 0;
			defaultConfigurationName = Release;
		};
		47B089D01C69B5780011E8BB /* Build configuration list for PBXNativeTarget "SFCarousel" */ = {
			isa = XCConfigurationList;
			buildConfigurations = (
				47B089D11C69B5780011E8BB /* Debug */,
				47B089D21C69B5780011E8BB /* Release */,
			);
			defaultConfigurationIsVisible = 0;
			defaultConfigurationName = Release;
		};
/* End XCConfigurationList section */
	};
	rootObject = 47B089B61C69B5770011E8BB /* Project object */;
}
